
Microsoft Visual Studio Solution File, Format Version 12.00
# Visual Studio 2013
VisualStudioVersion = 12.0.21005.1
MinimumVisualStudioVersion = 10.0.40219.1
Project("{FAE04EC0-301F-11D3-BF4B-00C04F79EFBC}") = "Service", "Service\Service.csproj", "{923CCF35-47C5-476E-BD4D-404F31133744}"
EndProject
Project("{FAE04EC0-301F-11D3-BF4B-00C04F79EFBC}") = "ClientWinForm", "ClientWinForm\ClientWinForm.csproj", "{AAB0F7C8-9D18-4BA5-80D5-802FB1085B28}"
EndProject
Global
	GlobalSection(SolutionConfigurationPlatforms) = preSolution
		Debug|Any CPU = Debug|Any CPU
		Release|Any CPU = Release|Any CPU
	EndGlobalSection
	GlobalSection(ProjectConfigurationPlatforms) = postSolution
		{923CCF35-47C5-476E-BD4D-404F31133744}.Debug|Any CPU.ActiveCfg = Debug|Any CPU
		{923CCF35-47C5-476E-BD4D-404F31133744}.Debug|Any CPU.Build.0 = Debug|Any CPU
		{923CCF35-47C5-476E-BD4D-404F31133744}.Release|Any CPU.ActiveCfg = Release|Any CPU
		{923CCF35-47C5-476E-BD4D-404F31133744}.Release|Any CPU.Build.0 = Release|Any CPU
		{AAB0F7C8-9D18-4BA5-80D5-802FB1085B28}.Debug|Any CPU.ActiveCfg = Debug|Any CPU
		{AAB0F7C8-9D18-4BA5-80D5-802FB1085B28}.Debug|Any CPU.Build.0 = Debug|Any CPU
		{AAB0F7C8-9D18-4BA5-80D5-802FB1085B28}.Release|Any CPU.ActiveCfg = Release|Any CPU
		{AAB0F7C8-9D18-4BA5-80D5-802FB1085B28}.Release|Any CPU.Build.0 = Release|Any CPU
	EndGlobalSection
	GlobalSection(SolutionProperties) = preSolution
		HideSolutionNode = FALSE
	EndGlobalSection
EndGlobal
